
Microsoft Visual Studio Solution File, Format Version 12.00
# Visual Studio Version 17
VisualStudioVersion = 17.7.34024.191
MinimumVisualStudioVersion = 10.0.40219.1
Project("{FAE04EC0-301F-11D3-BF4B-00C04F79EFBC}") = "StudentEnrollmentAPI", "StudentEnrollmentAPI\StudentEnrollmentAPI.csproj", "{1D18A304-6836-4828-8079-B906A3AB78EE}"
EndProject
Project("{FAE04EC0-301F-11D3-BF4B-00C04F79EFBC}") = "StudentEnrollmentFrontend", "StudentEnrollmentFrontend\StudentEnrollmentFrontend.csproj", "{1D417A01-8F41-4BA4-A4FA-3EE335EC7E43}"
EndProject
Global
	GlobalSection(SolutionConfigurationPlatforms) = preSolution
		Debug|Any CPU = Debug|Any CPU
		Release|Any CPU = Release|Any CPU
	EndGlobalSection
	GlobalSection(ProjectConfigurationPlatforms) = postSolution
		{1D18A304-6836-4828-8079-B906A3AB78EE}.Debug|Any CPU.ActiveCfg = Debug|Any CPU
		{1D18A304-6836-4828-8079-B906A3AB78EE}.Debug|Any CPU.Build.0 = Debug|Any CPU
		{1D18A304-6836-4828-8079-B906A3AB78EE}.Release|Any CPU.ActiveCfg = Release|Any CPU
		{1D18A304-6836-4828-8079-B906A3AB78EE}.Release|Any CPU.Build.0 = Release|Any CPU
		{1D417A01-8F41-4BA4-A4FA-3EE335EC7E43}.Debug|Any CPU.ActiveCfg = Debug|Any CPU
		{1D417A01-8F41-4BA4-A4FA-3EE335EC7E43}.Debug|Any CPU.Build.0 = Debug|Any CPU
		{1D417A01-8F41-4BA4-A4FA-3EE335EC7E43}.Release|Any CPU.ActiveCfg = Release|Any CPU
		{1D417A01-8F41-4BA4-A4FA-3EE335EC7E43}.Release|Any CPU.Build.0 = Release|Any CPU
	EndGlobalSection
	GlobalSection(SolutionProperties) = preSolution
		HideSolutionNode = FALSE
	EndGlobalSection
	GlobalSection(ExtensibilityGlobals) = postSolution
		SolutionGuid = {60C78CAC-ED76-4E4C-9915-049284343271}
	EndGlobalSection
EndGlobal
